
Microsoft Visual Studio Solution File, Format Version 12.00
# Visual Studio Version 17
VisualStudioVersion = 17.14.36518.9
MinimumVisualStudioVersion = 10.0.40219.1
Project("{FAE04EC0-301F-11D3-BF4B-00C04F79EFBC}") = "Exercitiul31", "Setul_3\Exercitiul31.csproj", "{05CD1745-A458-472C-90B0-3BE7F048B12D}"
EndProject
Project("{FAE04EC0-301F-11D3-BF4B-00C04F79EFBC}") = "Exercitiul1", "Exercitiul1\Exercitiul1.csproj", "{5B545D64-B759-42D6-A5BE-10E452BA9A73}"
EndProject
Project("{FAE04EC0-301F-11D3-BF4B-00C04F79EFBC}") = "Exercitiul2", "Exercitiul2\Exercitiul2.csproj", "{EA6ECB90-9C32-4600-9FF5-E63FA2CBD1F3}"
EndProject
Project("{FAE04EC0-301F-11D3-BF4B-00C04F79EFBC}") = "Exercitiul4", "Exercitiul4\Exercitiul4.csproj", "{BB78EBD2-0CA3-480E-AC95-AAAB9C86B4E0}"
EndProject
Project("{FAE04EC0-301F-11D3-BF4B-00C04F79EFBC}") = "Exercitiul5", "Exercitiul5\Exercitiul5.csproj", "{A1C62C15-F052-4F9E-8B2C-83521484A5D7}"
EndProject
Project("{FAE04EC0-301F-11D3-BF4B-00C04F79EFBC}") = "Exercitiul6", "Exercitiul6\Exercitiul6.csproj", "{7AFB3F7B-DAF0-41DD-B4FC-E130C52E6B54}"
EndProject
Project("{FAE04EC0-301F-11D3-BF4B-00C04F79EFBC}") = "Exercitiul7", "Exercitiul7\Exercitiul7.csproj", "{FF598A9E-8C4B-46E2-9B73-7210B9125BC2}"
EndProject
Project("{FAE04EC0-301F-11D3-BF4B-00C04F79EFBC}") = "Exercitiul8", "Exercitiul8\Exercitiul8.csproj", "{CF93889F-71B9-4142-8B8B-833067416FCE}"
EndProject
Project("{FAE04EC0-301F-11D3-BF4B-00C04F79EFBC}") = "Exercitiul9", "Exercitiul9\Exercitiul9.csproj", "{8DD2C937-14D1-4465-A695-2866723193B3}"
EndProject
Project("{FAE04EC0-301F-11D3-BF4B-00C04F79EFBC}") = "Exercitiul10", "Exercitiul10\Exercitiul10.csproj", "{F477D85C-6E02-4A0C-83E3-F005B53FDE18}"
EndProject
Project("{FAE04EC0-301F-11D3-BF4B-00C04F79EFBC}") = "Exercitiul11", "Exercitiul11\Exercitiul11.csproj", "{307AF3E4-3806-49D7-9AEF-27FE4061B858}"
EndProject
Project("{FAE04EC0-301F-11D3-BF4B-00C04F79EFBC}") = "Exercitiul3", "Exercitiul3\Exercitiul3.csproj", "{8FB92C98-386F-4C9B-A28B-C7200FBF1F53}"
EndProject
Project("{FAE04EC0-301F-11D3-BF4B-00C04F79EFBC}") = "Exercitiul12", "Exercitiul12\Exercitiul12.csproj", "{9AE53EE9-C97D-4299-B3FD-C6137324F5C2}"
EndProject
Project("{FAE04EC0-301F-11D3-BF4B-00C04F79EFBC}") = "Exercitiul13", "Exercitiul13\Exercitiul13.csproj", "{4573BB83-287C-4FBD-8BF4-3C266BCDEE0E}"
EndProject
Project("{FAE04EC0-301F-11D3-BF4B-00C04F79EFBC}") = "Exercitiul14", "Exercitiul14\Exercitiul14.csproj", "{3F533907-19AC-4599-B16F-C10C22A59FCC}"
EndProject
Project("{FAE04EC0-301F-11D3-BF4B-00C04F79EFBC}") = "Exercitiul16", "Exercitiul16\Exercitiul16.csproj", "{87C3B4A4-0129-422E-8572-70B8499E8C7A}"
EndProject
Project("{FAE04EC0-301F-11D3-BF4B-00C04F79EFBC}") = "Exercitiul17", "Exercitiul17\Exercitiul17.csproj", "{533E534F-B063-4CEB-8A3B-01590284A57D}"
EndProject
Project("{FAE04EC0-301F-11D3-BF4B-00C04F79EFBC}") = "Exercitiul18", "Exercitiul18\Exercitiul18.csproj", "{D8C714EC-FBD0-4A36-922A-BE412FF9106F}"
EndProject
Project("{FAE04EC0-301F-11D3-BF4B-00C04F79EFBC}") = "Exercitiul19", "Exercitiul19\Exercitiul19.csproj", "{223C63EC-2B86-4BF2-81ED-ECAFECA68376}"
EndProject
Project("{FAE04EC0-301F-11D3-BF4B-00C04F79EFBC}") = "Exercitiul15", "Exercitiul15\Exercitiul15.csproj", "{739DC8E5-94E0-400A-B1AD-3F4BF98C313F}"
EndProject
Project("{FAE04EC0-301F-11D3-BF4B-00C04F79EFBC}") = "Exercitiul20", "Exercitiul20\Exercitiul20.csproj", "{B58D7C16-F873-463D-B515-06F40B5C68EE}"
EndProject
Project("{FAE04EC0-301F-11D3-BF4B-00C04F79EFBC}") = "Exercitiul22", "Exercitiul22\Exercitiul22.csproj", "{470BD402-6186-4280-B39A-50F6E753A153}"
EndProject
Project("{FAE04EC0-301F-11D3-BF4B-00C04F79EFBC}") = "Exercitiul23", "Exercitiul23\Exercitiul23.csproj", "{904CB02C-8D71-484F-AB42-E6036A1F8042}"
EndProject
Project("{FAE04EC0-301F-11D3-BF4B-00C04F79EFBC}") = "Exercitiul24", "Exercitiul24\Exercitiul24.csproj", "{C488DE1A-84B5-4856-80CC-2FB64D0396C5}"
EndProject
Project("{FAE04EC0-301F-11D3-BF4B-00C04F79EFBC}") = "Exercitiul25", "Exercitiul25\Exercitiul25.csproj", "{843F4A80-D393-465B-B26E-E7A41379051B}"
EndProject
Project("{FAE04EC0-301F-11D3-BF4B-00C04F79EFBC}") = "Exercitiul21", "Exercitiul21\Exercitiul21.csproj", "{CBA1F6AF-AA1C-4B64-890F-2F07D563183D}"
EndProject
Project("{FAE04EC0-301F-11D3-BF4B-00C04F79EFBC}") = "Exercitiul27", "Exercitiul27\Exercitiul27.csproj", "{A022DB8C-6F8A-42E9-B24D-D680316A5BEF}"
EndProject
Project("{FAE04EC0-301F-11D3-BF4B-00C04F79EFBC}") = "Exercitiul29", "Exercitiul29\Exercitiul29.csproj", "{104F8C0D-2C95-4F61-9DDD-2564C435AE5F}"
EndProject
Project("{FAE04EC0-301F-11D3-BF4B-00C04F79EFBC}") = "Exercitiul28", "Exercitiul28\Exercitiul28.csproj", "{09EDDC68-B705-4DAE-9E64-B679A6DF0790}"
EndProject
Project("{FAE04EC0-301F-11D3-BF4B-00C04F79EFBC}") = "Exercitiul30", "Exercitiul30\Exercitiul30.csproj", "{6BAB322E-EA57-45BB-9B90-73E76603A4F2}"
EndProject
Project("{FAE04EC0-301F-11D3-BF4B-00C04F79EFBC}") = "Exercitiul26", "Exercitiul26\Exercitiul26.csproj", "{C0824B73-570F-46EB-AE8D-41247BC97C4E}"
EndProject
Global
	GlobalSection(SolutionConfigurationPlatforms) = preSolution
		Debug|Any CPU = Debug|Any CPU
		Release|Any CPU = Release|Any CPU
	EndGlobalSection
	GlobalSection(ProjectConfigurationPlatforms) = postSolution
		{05CD1745-A458-472C-90B0-3BE7F048B12D}.Debug|Any CPU.ActiveCfg = Debug|Any CPU
		{05CD1745-A458-472C-90B0-3BE7F048B12D}.Debug|Any CPU.Build.0 = Debug|Any CPU
		{05CD1745-A458-472C-90B0-3BE7F048B12D}.Release|Any CPU.ActiveCfg = Release|Any CPU
		{05CD1745-A458-472C-90B0-3BE7F048B12D}.Release|Any CPU.Build.0 = Release|Any CPU
		{5B545D64-B759-42D6-A5BE-10E452BA9A73}.Debug|Any CPU.ActiveCfg = Debug|Any CPU
		{5B545D64-B759-42D6-A5BE-10E452BA9A73}.Debug|Any CPU.Build.0 = Debug|Any CPU
		{5B545D64-B759-42D6-A5BE-10E452BA9A73}.Release|Any CPU.ActiveCfg = Release|Any CPU
		{5B545D64-B759-42D6-A5BE-10E452BA9A73}.Release|Any CPU.Build.0 = Release|Any CPU
		{EA6ECB90-9C32-4600-9FF5-E63FA2CBD1F3}.Debug|Any CPU.ActiveCfg = Debug|Any CPU
		{EA6ECB90-9C32-4600-9FF5-E63FA2CBD1F3}.Debug|Any CPU.Build.0 = Debug|Any CPU
		{EA6ECB90-9C32-4600-9FF5-E63FA2CBD1F3}.Release|Any CPU.ActiveCfg = Release|Any CPU
		{EA6ECB90-9C32-4600-9FF5-E63FA2CBD1F3}.Release|Any CPU.Build.0 = Release|Any CPU
		{BB78EBD2-0CA3-480E-AC95-AAAB9C86B4E0}.Debug|Any CPU.ActiveCfg = Debug|Any CPU
		{BB78EBD2-0CA3-480E-AC95-AAAB9C86B4E0}.Debug|Any CPU.Build.0 = Debug|Any CPU
		{BB78EBD2-0CA3-480E-AC95-AAAB9C86B4E0}.Release|Any CPU.ActiveCfg = Release|Any CPU
		{BB78EBD2-0CA3-480E-AC95-AAAB9C86B4E0}.Release|Any CPU.Build.0 = Release|Any CPU
		{A1C62C15-F052-4F9E-8B2C-83521484A5D7}.Debug|Any CPU.ActiveCfg = Debug|Any CPU
		{A1C62C15-F052-4F9E-8B2C-83521484A5D7}.Debug|Any CPU.Build.0 = Debug|Any CPU
		{A1C62C15-F052-4F9E-8B2C-83521484A5D7}.Release|Any CPU.ActiveCfg = Release|Any CPU
		{A1C62C15-F052-4F9E-8B2C-83521484A5D7}.Release|Any CPU.Build.0 = Release|Any CPU
		{7AFB3F7B-DAF0-41DD-B4FC-E130C52E6B54}.Debug|Any CPU.ActiveCfg = Debug|Any CPU
		{7AFB3F7B-DAF0-41DD-B4FC-E130C52E6B54}.Debug|Any CPU.Build.0 = Debug|Any CPU
		{7AFB3F7B-DAF0-41DD-B4FC-E130C52E6B54}.Release|Any CPU.ActiveCfg = Release|Any CPU
		{7AFB3F7B-DAF0-41DD-B4FC-E130C52E6B54}.Release|Any CPU.Build.0 = Release|Any CPU
		{FF598A9E-8C4B-46E2-9B73-7210B9125BC2}.Debug|Any CPU.ActiveCfg = Debug|Any CPU
		{FF598A9E-8C4B-46E2-9B73-7210B9125BC2}.Debug|Any CPU.Build.0 = Debug|Any CPU
		{FF598A9E-8C4B-46E2-9B73-7210B9125BC2}.Release|Any CPU.ActiveCfg = Release|Any CPU
		{FF598A9E-8C4B-46E2-9B73-7210B9125BC2}.Release|Any CPU.Build.0 = Release|Any CPU
		{CF93889F-71B9-4142-8B8B-833067416FCE}.Debug|Any CPU.ActiveCfg = Debug|Any CPU
		{CF93889F-71B9-4142-8B8B-833067416FCE}.Debug|Any CPU.Build.0 = Debug|Any CPU
		{CF93889F-71B9-4142-8B8B-833067416FCE}.Release|Any CPU.ActiveCfg = Release|Any CPU
		{CF93889F-71B9-4142-8B8B-833067416FCE}.Release|Any CPU.Build.0 = Release|Any CPU
		{8DD2C937-14D1-4465-A695-2866723193B3}.Debug|Any CPU.ActiveCfg = Debug|Any CPU
		{8DD2C937-14D1-4465-A695-2866723193B3}.Debug|Any CPU.Build.0 = Debug|Any CPU
		{8DD2C937-14D1-4465-A695-2866723193B3}.Release|Any CPU.ActiveCfg = Release|Any CPU
		{8DD2C937-14D1-4465-A695-2866723193B3}.Release|Any CPU.Build.0 = Release|Any CPU
		{F477D85C-6E02-4A0C-83E3-F005B53FDE18}.Debug|Any CPU.ActiveCfg = Debug|Any CPU
		{F477D85C-6E02-4A0C-83E3-F005B53FDE18}.Debug|Any CPU.Build.0 = Debug|Any CPU
		{F477D85C-6E02-4A0C-83E3-F005B53FDE18}.Release|Any CPU.ActiveCfg = Release|Any CPU
		{F477D85C-6E02-4A0C-83E3-F005B53FDE18}.Release|Any CPU.Build.0 = Release|Any CPU
		{307AF3E4-3806-49D7-9AEF-27FE4061B858}.Debug|Any CPU.ActiveCfg = Debug|Any CPU
		{307AF3E4-3806-49D7-9AEF-27FE4061B858}.Debug|Any CPU.Build.0 = Debug|Any CPU
		{307AF3E4-3806-49D7-9AEF-27FE4061B858}.Release|Any CPU.ActiveCfg = Release|Any CPU
		{307AF3E4-3806-49D7-9AEF-27FE4061B858}.Release|Any CPU.Build.0 = Release|Any CPU
		{8FB92C98-386F-4C9B-A28B-C7200FBF1F53}.Debug|Any CPU.ActiveCfg = Debug|Any CPU
		{8FB92C98-386F-4C9B-A28B-C7200FBF1F53}.Debug|Any CPU.Build.0 = Debug|Any CPU
		{8FB92C98-386F-4C9B-A28B-C7200FBF1F53}.Release|Any CPU.ActiveCfg = Release|Any CPU
		{8FB92C98-386F-4C9B-A28B-C7200FBF1F53}.Release|Any CPU.Build.0 = Release|Any CPU
		{9AE53EE9-C97D-4299-B3FD-C6137324F5C2}.Debug|Any CPU.ActiveCfg = Debug|Any CPU
		{9AE53EE9-C97D-4299-B3FD-C6137324F5C2}.Debug|Any CPU.Build.0 = Debug|Any CPU
		{9AE53EE9-C97D-4299-B3FD-C6137324F5C2}.Release|Any CPU.ActiveCfg = Release|Any CPU
		{9AE53EE9-C97D-4299-B3FD-C6137324F5C2}.Release|Any CPU.Build.0 = Release|Any CPU
		{4573BB83-287C-4FBD-8BF4-3C266BCDEE0E}.Debug|Any CPU.ActiveCfg = Debug|Any CPU
		{4573BB83-287C-4FBD-8BF4-3C266BCDEE0E}.Debug|Any CPU.Build.0 = Debug|Any CPU
		{4573BB83-287C-4FBD-8BF4-3C266BCDEE0E}.Release|Any CPU.ActiveCfg = Release|Any CPU
		{4573BB83-287C-4FBD-8BF4-3C266BCDEE0E}.Release|Any CPU.Build.0 = Release|Any CPU
		{3F533907-19AC-4599-B16F-C10C22A59FCC}.Debug|Any CPU.ActiveCfg = Debug|Any CPU
		{3F533907-19AC-4599-B16F-C10C22A59FCC}.Debug|Any CPU.Build.0 = Debug|Any CPU
		{3F533907-19AC-4599-B16F-C10C22A59FCC}.Release|Any CPU.ActiveCfg = Release|Any CPU
		{3F533907-19AC-4599-B16F-C10C22A59FCC}.Release|Any CPU.Build.0 = Release|Any CPU
		{87C3B4A4-0129-422E-8572-70B8499E8C7A}.Debug|Any CPU.ActiveCfg = Debug|Any CPU
		{87C3B4A4-0129-422E-8572-70B8499E8C7A}.Debug|Any CPU.Build.0 = Debug|Any CPU
		{87C3B4A4-0129-422E-8572-70B8499E8C7A}.Release|Any CPU.ActiveCfg = Release|Any CPU
		{87C3B4A4-0129-422E-8572-70B8499E8C7A}.Release|Any CPU.Build.0 = Release|Any CPU
		{533E534F-B063-4CEB-8A3B-01590284A57D}.Debug|Any CPU.ActiveCfg = Debug|Any CPU
		{533E534F-B063-4CEB-8A3B-01590284A57D}.Debug|Any CPU.Build.0 = Debug|Any CPU
		{533E534F-B063-4CEB-8A3B-01590284A57D}.Release|Any CPU.ActiveCfg = Release|Any CPU
		{533E534F-B063-4CEB-8A3B-01590284A57D}.Release|Any CPU.Build.0 = Release|Any CPU
		{D8C714EC-FBD0-4A36-922A-BE412FF9106F}.Debug|Any CPU.ActiveCfg = Debug|Any CPU
		{D8C714EC-FBD0-4A36-922A-BE412FF9106F}.Debug|Any CPU.Build.0 = Debug|Any CPU
		{D8C714EC-FBD0-4A36-922A-BE412FF9106F}.Release|Any CPU.ActiveCfg = Release|Any CPU
		{D8C714EC-FBD0-4A36-922A-BE412FF9106F}.Release|Any CPU.Build.0 = Release|Any CPU
		{223C63EC-2B86-4BF2-81ED-ECAFECA68376}.Debug|Any CPU.ActiveCfg = Debug|Any CPU
		{223C63EC-2B86-4BF2-81ED-ECAFECA68376}.Debug|Any CPU.Build.0 = Debug|Any CPU
		{223C63EC-2B86-4BF2-81ED-ECAFECA68376}.Release|Any CPU.ActiveCfg = Release|Any CPU
		{223C63EC-2B86-4BF2-81ED-ECAFECA68376}.Release|Any CPU.Build.0 = Release|Any CPU
		{739DC8E5-94E0-400A-B1AD-3F4BF98C313F}.Debug|Any CPU.ActiveCfg = Debug|Any CPU
		{739DC8E5-94E0-400A-B1AD-3F4BF98C313F}.Debug|Any CPU.Build.0 = Debug|Any CPU
		{739DC8E5-94E0-400A-B1AD-3F4BF98C313F}.Release|Any CPU.ActiveCfg = Release|Any CPU
		{739DC8E5-94E0-400A-B1AD-3F4BF98C313F}.Release|Any CPU.Build.0 = Release|Any CPU
		{B58D7C16-F873-463D-B515-06F40B5C68EE}.Debug|Any CPU.ActiveCfg = Debug|Any CPU
		{B58D7C16-F873-463D-B515-06F40B5C68EE}.Debug|Any CPU.Build.0 = Debug|Any CPU
		{B58D7C16-F873-463D-B515-06F40B5C68EE}.Release|Any CPU.ActiveCfg = Release|Any CPU
		{B58D7C16-F873-463D-B515-06F40B5C68EE}.Release|Any CPU.Build.0 = Release|Any CPU
		{470BD402-6186-4280-B39A-50F6E753A153}.Debug|Any CPU.ActiveCfg = Debug|Any CPU
		{470BD402-6186-4280-B39A-50F6E753A153}.Debug|Any CPU.Build.0 = Debug|Any CPU
		{470BD402-6186-4280-B39A-50F6E753A153}.Release|Any CPU.ActiveCfg = Release|Any CPU
		{470BD402-6186-4280-B39A-50F6E753A153}.Release|Any CPU.Build.0 = Release|Any CPU
		{904CB02C-8D71-484F-AB42-E6036A1F8042}.Debug|Any CPU.ActiveCfg = Debug|Any CPU
		{904CB02C-8D71-484F-AB42-E6036A1F8042}.Debug|Any CPU.Build.0 = Debug|Any CPU
		{904CB02C-8D71-484F-AB42-E6036A1F8042}.Release|Any CPU.ActiveCfg = Release|Any CPU
		{904CB02C-8D71-484F-AB42-E6036A1F8042}.Release|Any CPU.Build.0 = Release|Any CPU
		{C488DE1A-84B5-4856-80CC-2FB64D0396C5}.Debug|Any CPU.ActiveCfg = Debug|Any CPU
		{C488DE1A-84B5-4856-80CC-2FB64D0396C5}.Debug|Any CPU.Build.0 = Debug|Any CPU
		{C488DE1A-84B5-4856-80CC-2FB64D0396C5}.Release|Any CPU.ActiveCfg = Release|Any CPU
		{C488DE1A-84B5-4856-80CC-2FB64D0396C5}.Release|Any CPU.Build.0 = Release|Any CPU
		{843F4A80-D393-465B-B26E-E7A41379051B}.Debug|Any CPU.ActiveCfg = Debug|Any CPU
		{843F4A80-D393-465B-B26E-E7A41379051B}.Debug|Any CPU.Build.0 = Debug|Any CPU
		{843F4A80-D393-465B-B26E-E7A41379051B}.Release|Any CPU.ActiveCfg = Release|Any CPU
		{843F4A80-D393-465B-B26E-E7A41379051B}.Release|Any CPU.Build.0 = Release|Any CPU
		{CBA1F6AF-AA1C-4B64-890F-2F07D563183D}.Debug|Any CPU.ActiveCfg = Debug|Any CPU
		{CBA1F6AF-AA1C-4B64-890F-2F07D563183D}.Debug|Any CPU.Build.0 = Debug|Any CPU
		{CBA1F6AF-AA1C-4B64-890F-2F07D563183D}.Release|Any CPU.ActiveCfg = Release|Any CPU
		{CBA1F6AF-AA1C-4B64-890F-2F07D563183D}.Release|Any CPU.Build.0 = Release|Any CPU
		{A022DB8C-6F8A-42E9-B24D-D680316A5BEF}.Debug|Any CPU.ActiveCfg = Debug|Any CPU
		{A022DB8C-6F8A-42E9-B24D-D680316A5BEF}.Debug|Any CPU.Build.0 = Debug|Any CPU
		{A022DB8C-6F8A-42E9-B24D-D680316A5BEF}.Release|Any CPU.ActiveCfg = Release|Any CPU
		{A022DB8C-6F8A-42E9-B24D-D680316A5BEF}.Release|Any CPU.Build.0 = Release|Any CPU
		{104F8C0D-2C95-4F61-9DDD-2564C435AE5F}.Debug|Any CPU.ActiveCfg = Debug|Any CPU
		{104F8C0D-2C95-4F61-9DDD-2564C435AE5F}.Debug|Any CPU.Build.0 = Debug|Any CPU
		{104F8C0D-2C95-4F61-9DDD-2564C435AE5F}.Release|Any CPU.ActiveCfg = Release|Any CPU
		{104F8C0D-2C95-4F61-9DDD-2564C435AE5F}.Release|Any CPU.Build.0 = Release|Any CPU
		{09EDDC68-B705-4DAE-9E64-B679A6DF0790}.Debug|Any CPU.ActiveCfg = Debug|Any CPU
		{09EDDC68-B705-4DAE-9E64-B679A6DF0790}.Debug|Any CPU.Build.0 = Debug|Any CPU
		{09EDDC68-B705-4DAE-9E64-B679A6DF0790}.Release|Any CPU.ActiveCfg = Release|Any CPU
		{09EDDC68-B705-4DAE-9E64-B679A6DF0790}.Release|Any CPU.Build.0 = Release|Any CPU
		{6BAB322E-EA57-45BB-9B90-73E76603A4F2}.Debug|Any CPU.ActiveCfg = Debug|Any CPU
		{6BAB322E-EA57-45BB-9B90-73E76603A4F2}.Debug|Any CPU.Build.0 = Debug|Any CPU
		{6BAB322E-EA57-45BB-9B90-73E76603A4F2}.Release|Any CPU.ActiveCfg = Release|Any CPU
		{6BAB322E-EA57-45BB-9B90-73E76603A4F2}.Release|Any CPU.Build.0 = Release|Any CPU
		{C0824B73-570F-46EB-AE8D-41247BC97C4E}.Debug|Any CPU.ActiveCfg = Debug|Any CPU
		{C0824B73-570F-46EB-AE8D-41247BC97C4E}.Debug|Any CPU.Build.0 = Debug|Any CPU
		{C0824B73-570F-46EB-AE8D-41247BC97C4E}.Release|Any CPU.ActiveCfg = Release|Any CPU
		{C0824B73-570F-46EB-AE8D-41247BC97C4E}.Release|Any CPU.Build.0 = Release|Any CPU
	EndGlobalSection
	GlobalSection(SolutionProperties) = preSolution
		HideSolutionNode = FALSE
	EndGlobalSection
	GlobalSection(ExtensibilityGlobals) = postSolution
		SolutionGuid = {21427438-9795-40EF-BED5-81C2DD0FE6D7}
	EndGlobalSection
EndGlobal
