
Microsoft Visual Studio Solution File, Format Version 12.00
# Visual Studio Version 17
VisualStudioVersion = 17.14.36518.9 d17.14
MinimumVisualStudioVersion = 10.0.40219.1
Project("{FAE04EC0-301F-11D3-BF4B-00C04F79EFBC}") = "Setul_1_FP", "Setul_1_FP\Setul_1_FP.csproj", "{0C202E30-0D52-4D9C-973C-A1A7768820A5}"
EndProject
Global
	GlobalSection(SolutionConfigurationPlatforms) = preSolution
		Debug|Any CPU = Debug|Any CPU
		Release|Any CPU = Release|Any CPU
	EndGlobalSection
	GlobalSection(ProjectConfigurationPlatforms) = postSolution
		{0C202E30-0D52-4D9C-973C-A1A7768820A5}.Debug|Any CPU.ActiveCfg = Debug|Any CPU
		{0C202E30-0D52-4D9C-973C-A1A7768820A5}.Debug|Any CPU.Build.0 = Debug|Any CPU
		{0C202E30-0D52-4D9C-973C-A1A7768820A5}.Release|Any CPU.ActiveCfg = Release|Any CPU
		{0C202E30-0D52-4D9C-973C-A1A7768820A5}.Release|Any CPU.Build.0 = Release|Any CPU
	EndGlobalSection
	GlobalSection(SolutionProperties) = preSolution
		HideSolutionNode = FALSE
	EndGlobalSection
	GlobalSection(ExtensibilityGlobals) = postSolution
		SolutionGuid = {DC4BD512-7EBC-43DE-A1E7-80AB9E874814}
	EndGlobalSection
EndGlobal
